dependencies:
  espressif/esp-modbus:
    component_hash: 5d5e90b9e55721a8a194b301ad8102d4affb647f47b74cd413ff7d1ce2c1169c
    dependencies:
    - name: idf
      require: private
      version: '>=4.3'
    source:
      registry_url: https://components.espressif.com/
      type: service
    version: 1.0.18
  idf:
    source:
      type: idf
    version: 5.4.1
direct_dependencies:
- espressif/esp-modbus
manifest_hash: 9c4132c1f865771d0a07c6de146f3e8761369cdcdafd2e1d79b8ac9d5af1a397
target: esp32s3
version: 2.0.0
